// !$*UTF8*$!
{
	archiveVersion = 1;
	classes = {
	};
	objectVersion = 46;
	objects = {

/* Begin PBXBuildFile section */
		3C3C89DC1986930E009D47FE /* Foundation.framework in Frameworks */ = {isa = PBXBuildFile; fileRef = 3C3C89DB1986930E009D47FE /* Foundation.framework */; };
		3C3C89DE1986930E009D47FE /* CoreGraphics.framework in Frameworks */ = {isa = PBXBuildFile; fileRef = 3C3C89DD1986930E009D47FE /* CoreGraphics.framework */; };
		3C3C89E01986930E009D47FE /* UIKit.framework in Frameworks */ = {isa = PBXBuildFile; fileRef = 3C3C89DF1986930E009D47FE /* UIKit.framework */; };
		3C3C89E21986930E009D47FE /* CoreData.framework in Frameworks */ = {isa = PBXBuildFile; fileRef = 3C3C89E11986930E009D47FE /* CoreData.framework */; };
		3C3C89E81986930E009D47FE /* InfoPlist.strings in Resources */ = {isa = PBXBuildFile; fileRef = 3C3C89E61986930E009D47FE /* InfoPlist.strings */; };
		3C3C89EA1986930E009D47FE /* main.m in Sources */ = {isa = PBXBuildFile; fileRef = 3C3C89E91986930E009D47FE /* main.m */; };
		3C3C89EE1986930F009D47FE /* AppDelegate.m in Sources */ = {isa = PBXBuildFile; fileRef = 3C3C89ED1986930F009D47FE /* AppDelegate.m */; };
		3C3C89F119869310009D47FE /* xcode_create_git_repository_on_my_mac.xcdatamodeld in Sources */ = {isa = PBXBuildFile; fileRef = 3C3C89EF1986930F009D47FE /* xcode_create_git_repository_on_my_mac.xcdatamodeld */; };
		3C3C89F319869312009D47FE /* Images.xcassets in Resources */ = {isa = PBXBuildFile; fileRef = 3C3C89F219869312009D47FE /* Images.xcassets */; };
		3C3C89FA19869312009D47FE /* XCTest.framework in Frameworks */ = {isa = PBXBuildFile; fileRef = 3C3C89F919869312009D47FE /* XCTest.framework */; };
		3C3C89FB19869312009D47FE /* Foundation.framework in Frameworks */ = {isa = PBXBuildFile; fileRef = 3C3C89DB1986930E009D47FE /* Foundation.framework */; };
		3C3C89FC19869312009D47FE /* UIKit.framework in Frameworks */ = {isa = PBXBuildFile; fileRef = 3C3C89DF1986930E009D47FE /* UIKit.framework */; };
		3C3C89FD19869312009D47FE /* CoreData.framework in Frameworks */ = {isa = PBXBuildFile; fileRef = 3C3C89E11986930E009D47FE /* CoreData.framework */; };
		3C3C8A0519869314009D47FE /* InfoPlist.strings in Resources */ = {isa = PBXBuildFile; fileRef = 3C3C8A0319869314009D47FE /* InfoPlist.strings */; };
		3C3C8A0719869314009D47FE /* xcode_create_git_repository_on_my_macTests.m in Sources */ = {isa = PBXBuildFile; fileRef = 3C3C8A0619869314009D47FE /* xcode_create_git_repository_on_my_macTests.m */; };
/* End PBXBuildFile section */

/* Begin PBXContainerItemProxy section */
		3C3C89FE19869312009D47FE /* PBXContainerItemProxy */ = {
			isa = PBXContainerItemProxy;
			containerPortal = 3C3C89D01986930D009D47FE /* Project object */;
			proxyType = 1;
			remoteGlobalIDString = 3C3C89D71986930D009D47FE;
			remoteInfo = "xcode create git repository on my mac";
		};
/* End PBXContainerItemProxy section */

/* Begin PBXFileReference section */
		3C3C89D81986930E009D47FE /* xcode create git repository on my mac.app */ = {isa = PBXFileReference; explicitFileType = wrapper.application; includeInIndex = 0; path = "xcode create git repository on my mac.app"; sourceTree = BUILT_PRODUCTS_DIR; };
		3C3C89DB1986930E009D47FE /* Foundation.framework */ = {isa = PBXFileReference; lastKnownFileType = wrapper.framework; name = Foundation.framework; path = System/Library/Frameworks/Foundation.framework; sourceTree = SDKROOT; };
		3C3C89DD1986930E009D47FE /* CoreGraphics.framework */ = {isa = PBXFileReference; lastKnownFileType = wrapper.framework; name = CoreGraphics.framework; path = System/Library/Frameworks/CoreGraphics.framework; sourceTree = SDKROOT; };
		3C3C89DF1986930E009D47FE /* UIKit.framework */ = {isa = PBXFileReference; lastKnownFileType = wrapper.framework; name = UIKit.framework; path = System/Library/Frameworks/UIKit.framework; sourceTree = SDKROOT; };
		3C3C89E11986930E009D47FE /* CoreData.framework */ = {isa = PBXFileReference; lastKnownFileType = wrapper.framework; name = CoreData.framework; path = System/Library/Frameworks/CoreData.framework; sourceTree = SDKROOT; };
		3C3C89E51986930E009D47FE /* xcode create git repository on my mac-Info.plist */ = {isa = PBXFileReference; lastKnownFileType = text.plist.xml; path = "xcode create git repository on my mac-Info.plist"; sourceTree = "<group>"; };
		3C3C89E71986930E009D47FE /* en */ = {isa = PBXFileReference; lastKnownFileType = text.plist.strings; name = en; path = en.lproj/InfoPlist.strings; sourceTree = "<group>"; };
		3C3C89E91986930E009D47FE /* main.m */ = {isa = PBXFileReference; lastKnownFileType = sourcecode.c.objc; path = main.m; sourceTree = "<group>"; };
		3C3C89EB1986930F009D47FE /* xcode create git repository on my mac-Prefix.pch */ = {isa = PBXFileReference; lastKnownFileType = sourcecode.c.h; path = "xcode create git repository on my mac-Prefix.pch"; sourceTree = "<group>"; };
		3C3C89EC1986930F009D47FE /* AppDelegate.h */ = {isa = PBXFileReference; lastKnownFileType = sourcecode.c.h; path = AppDelegate.h; sourceTree = "<group>"; };
		3C3C89ED1986930F009D47FE /* AppDelegate.m */ = {isa = PBXFileReference; lastKnownFileType = sourcecode.c.objc; path = AppDelegate.m; sourceTree = "<group>"; };
		3C3C89F019869310009D47FE /* xcode_create_git_repository_on_my_mac.xcdatamodel */ = {isa = PBXFileReference; lastKnownFileType = wrapper.xcdatamodel; path = xcode_create_git_repository_on_my_mac.xcdatamodel; sourceTree = "<group>"; };
		3C3C89F219869312009D47FE /* Images.xcassets */ = {isa = PBXFileReference; lastKnownFileType = folder.assetcatalog; path = Images.xcassets; sourceTree = "<group>"; };
		3C3C89F819869312009D47FE /* xcode create git repository on my macTests.xctest */ = {isa = PBXFileReference; explicitFileType = wrapper.cfbundle; includeInIndex = 0; path = "xcode create git repository on my macTests.xctest"; sourceTree = BUILT_PRODUCTS_DIR; };
		3C3C89F919869312009D47FE /* XCTest.framework */ = {isa = PBXFileReference; lastKnownFileType = wrapper.framework; name = XCTest.framework; path = Library/Frameworks/XCTest.framework; sourceTree = DEVELOPER_DIR; };
		3C3C8A0219869313009D47FE /* xcode create git repository on my macTests-Info.plist */ = {isa = PBXFileReference; lastKnownFileType = text.plist.xml; path = "xcode create git repository on my macTests-Info.plist"; sourceTree = "<group>"; };
		3C3C8A0419869314009D47FE /* en */ = {isa = PBXFileReference; lastKnownFileType = text.plist.strings; name = en; path = en.lproj/InfoPlist.strings; sourceTree = "<group>"; };
		3C3C8A0619869314009D47FE /* xcode_create_git_repository_on_my_macTests.m */ = {isa = PBXFileReference; lastKnownFileType = sourcecode.c.objc; path = xcode_create_git_repository_on_my_macTests.m; sourceTree = "<group>"; };
/* End PBXFileReference section */

/* Begin PBXFrameworksBuildPhase section */
		3C3C89D51986930D009D47FE /* Frameworks */ = {
			isa = PBXFrameworksBuildPhase;
			buildActionMask = 2147483647;
			files = (
				3C3C89DE1986930E009D47FE /* CoreGraphics.framework in Frameworks */,
				3C3C89E21986930E009D47FE /* CoreData.framework in Frameworks */,
				3C3C89E01986930E009D47FE /* UIKit.framework in Frameworks */,
				3C3C89DC1986930E009D47FE /* Foundation.framework in Frameworks */,
			);
			runOnlyForDeploymentPostprocessing = 0;
		};
		3C3C89F519869312009D47FE /* Frameworks */ = {
			isa = PBXFrameworksBuildPhase;
			buildActionMask = 2147483647;
			files = (
				3C3C89FA19869312009D47FE /* XCTest.framework in Frameworks */,
				3C3C89FD19869312009D47FE /* CoreData.framework in Frameworks */,
				3C3C89FC19869312009D47FE /* UIKit.framework in Frameworks */,
				3C3C89FB19869312009D47FE /* Foundation.framework in Frameworks */,
			);
			runOnlyForDeploymentPostprocessing = 0;
		};
/* End PBXFrameworksBuildPhase section */

/* Begin PBXGroup section */
		3C3C89CF1986930D009D47FE = {
			isa = PBXGroup;
			children = (
				3C3C89E31986930E009D47FE /* xcode create git repository on my mac */,
				3C3C8A0019869312009D47FE /* xcode create git repository on my macTests */,
				3C3C89DA1986930E009D47FE /* Frameworks */,
				3C3C89D91986930E009D47FE /* Products */,
			);
			sourceTree = "<group>";
		};
		3C3C89D91986930E009D47FE /* Products */ = {
			isa = PBXGroup;
			children = (
				3C3C89D81986930E009D47FE /* xcode create git repository on my mac.app */,
				3C3C89F819869312009D47FE /* xcode create git repository on my macTests.xctest */,
			);
			name = Products;
			sourceTree = "<group>";
		};
		3C3C89DA1986930E009D47FE /* Frameworks */ = {
			isa = PBXGroup;
			children = (
				3C3C89DB1986930E009D47FE /* Foundation.framework */,
				3C3C89DD1986930E009D47FE /* CoreGraphics.framework */,
				3C3C89DF1986930E009D47FE /* UIKit.framework */,
				3C3C89E11986930E009D47FE /* CoreData.framework */,
				3C3C89F919869312009D47FE /* XCTest.framework */,
			);
			name = Frameworks;
			sourceTree = "<group>";
		};
		3C3C89E31986930E009D47FE /* xcode create git repository on my mac */ = {
			isa = PBXGroup;
			children = (
				3C3C89EC1986930F009D47FE /* AppDelegate.h */,
				3C3C89ED1986930F009D47FE /* AppDelegate.m */,
				3C3C89F219869312009D47FE /* Images.xcassets */,
				3C3C89EF1986930F009D47FE /* xcode_create_git_repository_on_my_mac.xcdatamodeld */,
				3C3C89E41986930E009D47FE /* Supporting Files */,
			);
			path = "xcode create git repository on my mac";
			sourceTree = "<group>";
		};
		3C3C89E41986930E009D47FE /* Supporting Files */ = {
			isa = PBXGroup;
			children = (
				3C3C89E51986930E009D47FE /* xcode create git repository on my mac-Info.plist */,
				3C3C89E61986930E009D47FE /* InfoPlist.strings */,
				3C3C89E91986930E009D47FE /* main.m */,
				3C3C89EB1986930F009D47FE /* xcode create git repository on my mac-Prefix.pch */,
			);
			name = "Supporting Files";
			sourceTree = "<group>";
		};
		3C3C8A0019869312009D47FE /* xcode create git repository on my macTests */ = {
			isa = PBXGroup;
			children = (
				3C3C8A0619869314009D47FE /* xcode_create_git_repository_on_my_macTests.m */,
				3C3C8A0119869313009D47FE /* Supporting Files */,
			);
			path = "xcode create git repository on my macTests";
			sourceTree = "<group>";
		};
		3C3C8A0119869313009D47FE /* Supporting Files */ = {
			isa = PBXGroup;
			children = (
				3C3C8A0219869313009D47FE /* xcode create git repository on my macTests-Info.plist */,
				3C3C8A0319869314009D47FE /* InfoPlist.strings */,
			);
			name = "Supporting Files";
			sourceTree = "<group>";
		};
/* End PBXGroup section */

/* Begin PBXNativeTarget section */
		3C3C89D71986930D009D47FE /* xcode create git repository on my mac */ = {
			isa = PBXNativeTarget;
			buildConfigurationList = 3C3C8A0A19869314009D47FE /* Build configuration list for PBXNativeTarget "xcode create git repository on my mac" */;
			buildPhases = (
				3C3C89D41986930D009D47FE /* Sources */,
				3C3C89D51986930D009D47FE /* Frameworks */,
				3C3C89D61986930D009D47FE /* Resources */,
			);
			buildRules = (
			);
			dependencies = (
			);
			name = "xcode create git repository on my mac";
			productName = "xcode create git repository on my mac";
			productReference = 3C3C89D81986930E009D47FE /* xcode create git repository on my mac.app */;
			productType = "com.apple.product-type.application";
		};
		3C3C89F719869312009D47FE /* xcode create git repository on my macTests */ = {
			isa = PBXNativeTarget;
			buildConfigurationList = 3C3C8A0D19869314009D47FE /* Build configuration list for PBXNativeTarget "xcode create git repository on my macTests" */;
			buildPhases = (
				3C3C89F419869312009D47FE /* Sources */,
				3C3C89F519869312009D47FE /* Frameworks */,
				3C3C89F619869312009D47FE /* Resources */,
			);
			buildRules = (
			);
			dependencies = (
				3C3C89FF19869312009D47FE /* PBXTargetDependency */,
			);
			name = "xcode create git repository on my macTests";
			productName = "xcode create git repository on my macTests";
			productReference = 3C3C89F819869312009D47FE /* xcode create git repository on my macTests.xctest */;
			productType = "com.apple.product-type.bundle.unit-test";
		};
/* End PBXNativeTarget section */

/* Begin PBXProject section */
		3C3C89D01986930D009D47FE /* Project object */ = {
			isa = PBXProject;
			attributes = {
				LastUpgradeCheck = 0510;
				ORGANIZATIONNAME = hiseh;
				TargetAttributes = {
					3C3C89F719869312009D47FE = {
						TestTargetID = 3C3C89D71986930D009D47FE;
					};
				};
			};
			buildConfigurationList = 3C3C89D31986930D009D47FE /* Build configuration list for PBXProject "xcode create git repository on my mac" */;
			compatibilityVersion = "Xcode 3.2";
			developmentRegion = English;
			hasScannedForEncodings = 0;
			knownRegions = (
				en,
			);
			mainGroup = 3C3C89CF1986930D009D47FE;
			productRefGroup = 3C3C89D91986930E009D47FE /* Products */;
			projectDirPath = "";
			projectRoot = "";
			targets = (
				3C3C89D71986930D009D47FE /* xcode create git repository on my mac */,
				3C3C89F719869312009D47FE /* xcode create git repository on my macTests */,
			);
		};
/* End PBXProject section */

/* Begin PBXResourcesBuildPhase section */
		3C3C89D61986930D009D47FE /* Resources */ = {
			isa = PBXResourcesBuildPhase;
			buildActionMask = 2147483647;
			files = (
				3C3C89E81986930E009D47FE /* InfoPlist.strings in Resources */,
				3C3C89F319869312009D47FE /* Images.xcassets in Resources */,
			);
			runOnlyForDeploymentPostprocessing = 0;
		};
		3C3C89F619869312009D47FE /* Resources */ = {
			isa = PBXResourcesBuildPhase;
			buildActionMask = 2147483647;
			files = (
				3C3C8A0519869314009D47FE /* InfoPlist.strings in Resources */,
			);
			runOnlyForDeploymentPostprocessing = 0;
		};
/* End PBXResourcesBuildPhase section */

/* Begin PBXSourcesBuildPhase section */
		3C3C89D41986930D009D47FE /* Sources */ = {
			isa = PBXSourcesBuildPhase;
			buildActionMask = 2147483647;
			files = (
				3C3C89EE1986930F009D47FE /* AppDelegate.m in Sources */,
				3C3C89EA1986930E009D47FE /* main.m in Sources */,
				3C3C89F119869310009D47FE /* xcode_create_git_repository_on_my_mac.xcdatamodeld in Sources */,
			);
			runOnlyForDeploymentPostprocessing = 0;
		};
		3C3C89F419869312009D47FE /* Sources */ = {
			isa = PBXSourcesBuildPhase;
			buildActionMask = 2147483647;
			files = (
				3C3C8A0719869314009D47FE /* xcode_create_git_repository_on_my_macTests.m in Sources */,
			);
			runOnlyForDeploymentPostprocessing = 0;
		};
/* End PBXSourcesBuildPhase section */

/* Begin PBXTargetDependency section */
		3C3C89FF19869312009D47FE /* PBXTargetDependency */ = {
			isa = PBXTargetDependency;
			target = 3C3C89D71986930D009D47FE /* xcode create git repository on my mac */;
			targetProxy = 3C3C89FE19869312009D47FE /* PBXContainerItemProxy */;
		};
/* End PBXTargetDependency section */

/* Begin PBXVariantGroup section */
		3C3C89E61986930E009D47FE /* InfoPlist.strings */ = {
			isa = PBXVariantGroup;
			children = (
				3C3C89E71986930E009D47FE /* en */,
			);
			name = InfoPlist.strings;
			sourceTree = "<group>";
		};
		3C3C8A0319869314009D47FE /* InfoPlist.strings */ = {
			isa = PBXVariantGroup;
			children = (
				3C3C8A0419869314009D47FE /* en */,
			);
			name = InfoPlist.strings;
			sourceTree = "<group>";
		};
/* End PBXVariantGroup section */

/* Begin XCBuildConfiguration section */
		3C3C8A0819869314009D47FE /* Debug */ = {
			isa = XCBuildConfiguration;
			buildSettings = {
				ALWAYS_SEARCH_USER_PATHS = NO;
				CLANG_CXX_LANGUAGE_STANDARD = "gnu++0x";
				CLANG_CXX_LIBRARY = "libc++";
				CLANG_ENABLE_MODULES = YES;
				CLANG_ENABLE_OBJC_ARC = YES;
				CLANG_WARN_BOOL_CONVERSION = YES;
				CLANG_WARN_CONSTANT_CONVERSION = YES;
				CLANG_WARN_DIRECT_OBJC_ISA_USAGE = YES_ERROR;
				CLANG_WARN_EMPTY_BODY = YES;
				CLANG_WARN_ENUM_CONVERSION = YES;
				CLANG_WARN_INT_CONVERSION = YES;
				CLANG_WARN_OBJC_ROOT_CLASS = YES_ERROR;
				CLANG_WARN__DUPLICATE_METHOD_MATCH = YES;
				"CODE_SIGN_IDENTITY[sdk=iphoneos*]" = "iPhone Developer";
				COPY_PHASE_STRIP = NO;
				GCC_C_LANGUAGE_STANDARD = gnu99;
				GCC_DYNAMIC_NO_PIC = NO;
				GCC_OPTIMIZATION_LEVEL = 0;
				GCC_PREPROCESSOR_DEFINITIONS = (
					"DEBUG=1",
					"$(inherited)",
				);
				GCC_SYMBOLS_PRIVATE_EXTERN = NO;
				GCC_WARN_64_TO_32_BIT_CONVERSION = YES;
				GCC_WARN_ABOUT_RETURN_TYPE = YES_ERROR;
				GCC_WARN_UNDECLARED_SELECTOR = YES;
				GCC_WARN_UNINITIALIZED_AUTOS = YES_AGGRESSIVE;
				GCC_WARN_UNUSED_FUNCTION = YES;
				GCC_WARN_UNUSED_VARIABLE = YES;
				IPHONEOS_DEPLOYMENT_TARGET = 7.1;
				ONLY_ACTIVE_ARCH = YES;
				SDKROOT = iphoneos;
			};
			name = Debug;
		};
		3C3C8A0919869314009D47FE /* Release */ = {
			isa = XCBuildConfiguration;
			buildSettings = {
				ALWAYS_SEARCH_USER_PATHS = NO;
				CLANG_CXX_LANGUAGE_STANDARD = "gnu++0x";
				CLANG_CXX_LIBRARY = "libc++";
				CLANG_ENABLE_MODULES = YES;
				CLANG_ENABLE_OBJC_ARC = YES;
				CLANG_WARN_BOOL_CONVERSION = YES;
				CLANG_WARN_CONSTANT_CONVERSION = YES;
				CLANG_WARN_DIRECT_OBJC_ISA_USAGE = YES_ERROR;
				CLANG_WARN_EMPTY_BODY = YES;
				CLANG_WARN_ENUM_CONVERSION = YES;
				CLANG_WARN_INT_CONVERSION = YES;
				CLANG_WARN_OBJC_ROOT_CLASS = YES_ERROR;
				CLANG_WARN__DUPLICATE_METHOD_MATCH = YES;
				"CODE_SIGN_IDENTITY[sdk=iphoneos*]" = "iPhone Developer";
				COPY_PHASE_STRIP = YES;
				ENABLE_NS_ASSERTIONS = NO;
				GCC_C_LANGUAGE_STANDARD = gnu99;
				GCC_WARN_64_TO_32_BIT_CONVERSION = YES;
				GCC_WARN_ABOUT_RETURN_TYPE = YES_ERROR;
				GCC_WARN_UNDECLARED_SELECTOR = YES;
				GCC_WARN_UNINITIALIZED_AUTOS = YES_AGGRESSIVE;
				GCC_WARN_UNUSED_FUNCTION = YES;
				GCC_WARN_UNUSED_VARIABLE = YES;
				IPHONEOS_DEPLOYMENT_TARGET = 7.1;
				SDKROOT = iphoneos;
				VALIDATE_PRODUCT = YES;
			};
			name = Release;
		};
		3C3C8A0B19869314009D47FE /* Debug */ = {
			isa = XCBuildConfiguration;
			buildSettings = {
				ASSETCATALOG_COMPILER_APPICON_NAME = AppIcon;
				ASSETCATALOG_COMPILER_LAUNCHIMAGE_NAME = LaunchImage;
				GCC_PRECOMPILE_PREFIX_HEADER = YES;
				GCC_PREFIX_HEADER = "xcode create git repository on my mac/xcode create git repository on my mac-Prefix.pch";
				INFOPLIST_FILE = "xcode create git repository on my mac/xcode create git repository on my mac-Info.plist";
				PRODUCT_NAME = "$(TARGET_NAME)";
				WRAPPER_EXTENSION = app;
			};
			name = Debug;
		};
		3C3C8A0C19869314009D47FE /* Release */ = {
			isa = XCBuildConfiguration;
			buildSettings = {
				ASSETCATALOG_COMPILER_APPICON_NAME = AppIcon;
				ASSETCATALOG_COMPILER_LAUNCHIMAGE_NAME = LaunchImage;
				GCC_PRECOMPILE_PREFIX_HEADER = YES;
				GCC_PREFIX_HEADER = "xcode create git repository on my mac/xcode create git repository on my mac-Prefix.pch";
				INFOPLIST_FILE = "xcode create git repository on my mac/xcode create git repository on my mac-Info.plist";
				PRODUCT_NAME = "$(TARGET_NAME)";
				WRAPPER_EXTENSION = app;
			};
			name = Release;
		};
		3C3C8A0E19869314009D47FE /* Debug */ = {
			isa = XCBuildConfiguration;
			buildSettings = {
				BUNDLE_LOADER = "$(BUILT_PRODUCTS_DIR)/xcode create git repository on my mac.app/xcode create git repository on my mac";
				FRAMEWORK_SEARCH_PATHS = (
					"$(SDKROOT)/Developer/Library/Frameworks",
					"$(inherited)",
					"$(DEVELOPER_FRAMEWORKS_DIR)",
				);
				GCC_PRECOMPILE_PREFIX_HEADER = YES;
				GCC_PREFIX_HEADER = "xcode create git repository on my mac/xcode create git repository on my mac-Prefix.pch";
				GCC_PREPROCESSOR_DEFINITIONS = (
					"DEBUG=1",
					"$(inherited)",
				);
				INFOPLIST_FILE = "xcode create git repository on my macTests/xcode create git repository on my macTests-Info.plist";
				PRODUCT_NAME = "$(TARGET_NAME)";
				TEST_HOST = "$(BUNDLE_LOADER)";
				WRAPPER_EXTENSION = xctest;
			};
			name = Debug;
		};
		3C3C8A0F19869314009D47FE /* Release */ = {
			isa = XCBuildConfiguration;
			buildSettings = {
				BUNDLE_LOADER = "$(BUILT_PRODUCTS_DIR)/xcode create git repository on my mac.app/xcode create git repository on my mac";
				FRAMEWORK_SEARCH_PATHS = (
					"$(SDKROOT)/Developer/Library/Frameworks",
					"$(inherited)",
					"$(DEVELOPER_FRAMEWORKS_DIR)",
				);
				GCC_PRECOMPILE_PREFIX_HEADER = YES;
				GCC_PREFIX_HEADER = "xcode create git repository on my mac/xcode create git repository on my mac-Prefix.pch";
				INFOPLIST_FILE = "xcode create git repository on my macTests/xcode create git repository on my macTests-Info.plist";
				PRODUCT_NAME = "$(TARGET_NAME)";
				TEST_HOST = "$(BUNDLE_LOADER)";
				WRAPPER_EXTENSION = xctest;
			};
			name = Release;
		};
/* End XCBuildConfiguration section */

/* Begin XCConfigurationList section */
		3C3C89D31986930D009D47FE /* Build configuration list for PBXProject "xcode create git repository on my mac" */ = {
			isa = XCConfigurationList;
			buildConfigurations = (
				3C3C8A0819869314009D47FE /* Debug */,
				3C3C8A0919869314009D47FE /* Release */,
			);
			defaultConfigurationIsVisible = 0;
			defaultConfigurationName = Release;
		};
		3C3C8A0A19869314009D47FE /* Build configuration list for PBXNativeTarget "xcode create git repository on my mac" */ = {
			isa = XCConfigurationList;
			buildConfigurations = (
				3C3C8A0B19869314009D47FE /* Debug */,
				3C3C8A0C19869314009D47FE /* Release */,
			);
			defaultConfigurationIsVisible = 0;
		};
		3C3C8A0D19869314009D47FE /* Build configuration list for PBXNativeTarget "xcode create git repository on my macTests" */ = {
			isa = XCConfigurationList;
			buildConfigurations = (
				3C3C8A0E19869314009D47FE /* Debug */,
				3C3C8A0F19869314009D47FE /* Release */,
			);
			defaultConfigurationIsVisible = 0;
		};
/* End XCConfigurationList section */

/* Begin XCVersionGroup section */
		3C3C89EF1986930F009D47FE /* xcode_create_git_repository_on_my_mac.xcdatamodeld */ = {
			isa = XCVersionGroup;
			children = (
				3C3C89F019869310009D47FE /* xcode_create_git_repository_on_my_mac.xcdatamodel */,
			);
			currentVersion = 3C3C89F019869310009D47FE /* xcode_create_git_repository_on_my_mac.xcdatamodel */;
			path = xcode_create_git_repository_on_my_mac.xcdatamodeld;
			sourceTree = "<group>";
			versionGroupType = wrapper.xcdatamodel;
		};
/* End XCVersionGroup section */
	};
	rootObject = 3C3C89D01986930D009D47FE /* Project object */;
}
